// !$*UTF8*$!
{
	archiveVersion = 1;
	classes = {
	};
	objectVersion = 56;
	objects = {

/* Begin PBXBuildFile section */
		6E0B5A072C759CE400FF3541 /* TranslateRxAppApp.swift in Sources */ = {isa = PBXBuildFile; fileRef = 6E0B5A062C759CE400FF3541 /* TranslateRxAppApp.swift */; };
		6E0B5A092C759CE400FF3541 /* ContentView.swift in Sources */ = {isa = PBXBuildFile; fileRef = 6E0B5A082C759CE400FF3541 /* ContentView.swift */; };
		6E0B5A0B2C759CE600FF3541 /* Assets.xcassets in Resources */ = {isa = PBXBuildFile; fileRef = 6E0B5A0A2C759CE600FF3541 /* Assets.xcassets */; };
		6E0B5A0E2C759CE600FF3541 /* Preview Assets.xcassets in Resources */ = {isa = PBXBuildFile; fileRef = 6E0B5A0D2C759CE600FF3541 /* Preview Assets.xcassets */; };
		6E0B5A182C759CE700FF3541 /* TranslateRxAppTests.swift in Sources */ = {isa = PBXBuildFile; fileRef = 6E0B5A172C759CE700FF3541 /* TranslateRxAppTests.swift */; };
		6E0B5A222C759CE700FF3541 /* TranslateRxAppUITests.swift in Sources */ = {isa = PBXBuildFile; fileRef = 6E0B5A212C759CE700FF3541 /* TranslateRxAppUITests.swift */; };
		6E0B5A242C759CE700FF3541 /* TranslateRxAppUITestsLaunchTests.swift in Sources */ = {isa = PBXBuildFile; fileRef = 6E0B5A232C759CE700FF3541 /* TranslateRxAppUITestsLaunchTests.swift */; };
		6E2BDAC42CA10B27001F896D /* SwiftyJSON in Frameworks */ = {isa = PBXBuildFile; productRef = 6E2BDAC32CA10B27001F896D /* SwiftyJSON */; };
		6E2BDAC72CA10B54001F896D /* Alamofire in Frameworks */ = {isa = PBXBuildFile; productRef = 6E2BDAC62CA10B54001F896D /* Alamofire */; };
		6EFB3DF22C914B7800F61C79 /* SpeechView.swift in Sources */ = {isa = PBXBuildFile; fileRef = 6EFB3DF12C914B7800F61C79 /* SpeechView.swift */; };
/* End PBXBuildFile section */

/* Begin PBXContainerItemProxy section */
		6E0B5A142C759CE700FF3541 /* PBXContainerItemProxy */ = {
			isa = PBXContainerItemProxy;
			containerPortal = 6E0B59FB2C759CE400FF3541 /* Project object */;
			proxyType = 1;
			remoteGlobalIDString = 6E0B5A022C759CE400FF3541;
			remoteInfo = TranslateRxApp;
		};
		6E0B5A1E2C759CE700FF3541 /* PBXContainerItemProxy */ = {
			isa = PBXContainerItemProxy;
			containerPortal = 6E0B59FB2C759CE400FF3541 /* Project object */;
			proxyType = 1;
			remoteGlobalIDString = 6E0B5A022C759CE400FF3541;
			remoteInfo = TranslateRxApp;
		};
/* End PBXContainerItemProxy section */

/* Begin PBXFileReference section */
		6E0B5A032C759CE400FF3541 /* TranslateRxApp.app */ = {isa = PBXFileReference; explicitFileType = wrapper.application; includeInIndex = 0; path = TranslateRxApp.app; sourceTree = BUILT_PRODUCTS_DIR; };
		6E0B5A062C759CE400FF3541 /* TranslateRxAppApp.swift */ = {isa = PBXFileReference; lastKnownFileType = sourcecode.swift; path = TranslateRxAppApp.swift; sourceTree = "<group>"; };
		6E0B5A082C759CE400FF3541 /* ContentView.swift */ = {isa = PBXFileReference; lastKnownFileType = sourcecode.swift; path = ContentView.swift; sourceTree = "<group>"; };
		6E0B5A0A2C759CE600FF3541 /* Assets.xcassets */ = {isa = PBXFileReference; lastKnownFileType = folder.assetcatalog; path = Assets.xcassets; sourceTree = "<group>"; };
		6E0B5A0D2C759CE600FF3541 /* Preview Assets.xcassets */ = {isa = PBXFileReference; lastKnownFileType = folder.assetcatalog; path = "Preview Assets.xcassets"; sourceTree = "<group>"; };
		6E0B5A132C759CE700FF3541 /* TranslateRxAppTests.xctest */ = {isa = PBXFileReference; explicitFileType = wrapper.cfbundle; includeInIndex = 0; path = TranslateRxAppTests.xctest; sourceTree = BUILT_PRODUCTS_DIR; };
		6E0B5A172C759CE700FF3541 /* TranslateRxAppTests.swift */ = {isa = PBXFileReference; lastKnownFileType = sourcecode.swift; path = TranslateRxAppTests.swift; sourceTree = "<group>"; };
		6E0B5A1D2C759CE700FF3541 /* TranslateRxAppUITests.xctest */ = {isa = PBXFileReference; explicitFileType = wrapper.cfbundle; includeInIndex = 0; path = TranslateRxAppUITests.xctest; sourceTree = BUILT_PRODUCTS_DIR; };
		6E0B5A212C759CE700FF3541 /* TranslateRxAppUITests.swift */ = {isa = PBXFileReference; lastKnownFileType = sourcecode.swift; path = TranslateRxAppUITests.swift; sourceTree = "<group>"; };
		6E0B5A232C759CE700FF3541 /* TranslateRxAppUITestsLaunchTests.swift */ = {isa = PBXFileReference; lastKnownFileType = sourcecode.swift; path = TranslateRxAppUITestsLaunchTests.swift; sourceTree = "<group>"; };
		6E180DB32E41AAB200751078 /* TranslateRxApp.xctestplan */ = {isa = PBXFileReference; lastKnownFileType = text; path = TranslateRxApp.xctestplan; sourceTree = "<group>"; };
		6EFB3DF12C914B7800F61C79 /* SpeechView.swift */ = {isa = PBXFileReference; lastKnownFileType = sourcecode.swift; path = SpeechView.swift; sourceTree = "<group>"; };
/* End PBXFileReference section */

/* Begin PBXFrameworksBuildPhase section */
		6E0B5A002C759CE400FF3541 /* Frameworks */ = {
			isa = PBXFrameworksBuildPhase;
			buildActionMask = 2147483647;
			files = (
				6E2BDAC42CA10B27001F896D /* SwiftyJSON in Frameworks */,
				6E2BDAC72CA10B54001F896D /* Alamofire in Frameworks */,
			);
			runOnlyForDeploymentPostprocessing = 0;
		};
		6E0B5A102C759CE700FF3541 /* Frameworks */ = {
			isa = PBXFrameworksBuildPhase;
			buildActionMask = 2147483647;
			files = (
			);
			runOnlyForDeploymentPostprocessing = 0;
		};
		6E0B5A1A2C759CE700FF3541 /* Frameworks */ = {
			isa = PBXFrameworksBuildPhase;
			buildActionMask = 2147483647;
			files = (
			);
			runOnlyForDeploymentPostprocessing = 0;
		};
/* End PBXFrameworksBuildPhase section */

/* Begin PBXGroup section */
		6E0B59FA2C759CE400FF3541 = {
			isa = PBXGroup;
			children = (
				6E180DB32E41AAB200751078 /* TranslateRxApp.xctestplan */,
				6E0B5A052C759CE400FF3541 /* TranslateRxApp */,
				6E0B5A162C759CE700FF3541 /* TranslateRxAppTests */,
				6E0B5A202C759CE700FF3541 /* TranslateRxAppUITests */,
				6E0B5A042C759CE400FF3541 /* Products */,
			);
			sourceTree = "<group>";
		};
		6E0B5A042C759CE400FF3541 /* Products */ = {
			isa = PBXGroup;
			children = (
				6E0B5A032C759CE400FF3541 /* TranslateRxApp.app */,
				6E0B5A132C759CE700FF3541 /* TranslateRxAppTests.xctest */,
				6E0B5A1D2C759CE700FF3541 /* TranslateRxAppUITests.xctest */,
			);
			name = Products;
			sourceTree = "<group>";
		};
		6E0B5A052C759CE400FF3541 /* TranslateRxApp */ = {
			isa = PBXGroup;
			children = (
				6E0B5A062C759CE400FF3541 /* TranslateRxAppApp.swift */,
				6E0B5A082C759CE400FF3541 /* ContentView.swift */,
				6EFB3DF12C914B7800F61C79 /* SpeechView.swift */,
				6E0B5A0A2C759CE600FF3541 /* Assets.xcassets */,
				6E0B5A0C2C759CE600FF3541 /* Preview Content */,
			);
			path = TranslateRxApp;
			sourceTree = "<group>";
		};
		6E0B5A0C2C759CE600FF3541 /* Preview Content */ = {
			isa = PBXGroup;
			children = (
				6E0B5A0D2C759CE600FF3541 /* Preview Assets.xcassets */,
			);
			path = "Preview Content";
			sourceTree = "<group>";
		};
		6E0B5A162C759CE700FF3541 /* TranslateRxAppTests */ = {
			isa = PBXGroup;
			children = (
				6E0B5A172C759CE700FF3541 /* TranslateRxAppTests.swift */,
			);
			path = TranslateRxAppTests;
			sourceTree = "<group>";
		};
		6E0B5A202C759CE700FF3541 /* TranslateRxAppUITests */ = {
			isa = PBXGroup;
			children = (
				6E0B5A212C759CE700FF3541 /* TranslateRxAppUITests.swift */,
				6E0B5A232C759CE700FF3541 /* TranslateRxAppUITestsLaunchTests.swift */,
			);
			path = TranslateRxAppUITests;
			sourceTree = "<group>";
		};
/* End PBXGroup section */

/* Begin PBXNativeTarget section */
		6E0B5A022C759CE400FF3541 /* TranslateRxApp */ = {
			isa = PBXNativeTarget;
			buildConfigurationList = 6E0B5A272C759CE700FF3541 /* Build configuration list for PBXNativeTarget "TranslateRxApp" */;
			buildPhases = (
				6E0B59FF2C759CE400FF3541 /* Sources */,
				6E0B5A002C759CE400FF3541 /* Frameworks */,
				6E0B5A012C759CE400FF3541 /* Resources */,
			);
			buildRules = (
			);
			dependencies = (
			);
			name = TranslateRxApp;
			productName = TranslateRxApp;
			productReference = 6E0B5A032C759CE400FF3541 /* TranslateRxApp.app */;
			productType = "com.apple.product-type.application";
		};
		6E0B5A122C759CE700FF3541 /* TranslateRxAppTests */ = {
			isa = PBXNativeTarget;
			buildConfigurationList = 6E0B5A2A2C759CE700FF3541 /* Build configuration list for PBXNativeTarget "TranslateRxAppTests" */;
			buildPhases = (
				6E0B5A0F2C759CE700FF3541 /* Sources */,
				6E0B5A102C759CE700FF3541 /* Frameworks */,
				6E0B5A112C759CE700FF3541 /* Resources */,
			);
			buildRules = (
			);
			dependencies = (
				6E0B5A152C759CE700FF3541 /* PBXTargetDependency */,
			);
			name = TranslateRxAppTests;
			productName = TranslateRxAppTests;
			productReference = 6E0B5A132C759CE700FF3541 /* TranslateRxAppTests.xctest */;
			productType = "com.apple.product-type.bundle.unit-test";
		};
		6E0B5A1C2C759CE700FF3541 /* TranslateRxAppUITests */ = {
			isa = PBXNativeTarget;
			buildConfigurationList = 6E0B5A2D2C759CE700FF3541 /* Build configuration list for PBXNativeTarget "TranslateRxAppUITests" */;
			buildPhases = (
				6E0B5A192C759CE700FF3541 /* Sources */,
				6E0B5A1A2C759CE700FF3541 /* Frameworks */,
				6E0B5A1B2C759CE700FF3541 /* Resources */,
			);
			buildRules = (
			);
			dependencies = (
				6E0B5A1F2C759CE700FF3541 /* PBXTargetDependency */,
			);
			name = TranslateRxAppUITests;
			productName = TranslateRxAppUITests;
			productReference = 6E0B5A1D2C759CE700FF3541 /* TranslateRxAppUITests.xctest */;
			productType = "com.apple.product-type.bundle.ui-testing";
		};
/* End PBXNativeTarget section */

/* Begin PBXProject section */
		6E0B59FB2C759CE400FF3541 /* Project object */ = {
			isa = PBXProject;
			attributes = {
				BuildIndependentTargetsInParallel = 1;
				LastSwiftUpdateCheck = 1540;
				LastUpgradeCheck = 1540;
				TargetAttributes = {
					6E0B5A022C759CE400FF3541 = {
						CreatedOnToolsVersion = 15.4;
					};
					6E0B5A122C759CE700FF3541 = {
						CreatedOnToolsVersion = 15.4;
						TestTargetID = 6E0B5A022C759CE400FF3541;
					};
					6E0B5A1C2C759CE700FF3541 = {
						CreatedOnToolsVersion = 15.4;
						TestTargetID = 6E0B5A022C759CE400FF3541;
					};
				};
			};
			buildConfigurationList = 6E0B59FE2C759CE400FF3541 /* Build configuration list for PBXProject "TranslateRxApp" */;
			compatibilityVersion = "Xcode 14.0";
			developmentRegion = en;
			hasScannedForEncodings = 0;
			knownRegions = (
				en,
				Base,
			);
			mainGroup = 6E0B59FA2C759CE400FF3541;
			packageReferences = (
				6E2BDAC22CA10B27001F896D /* XCRemoteSwiftPackageReference "SwiftyJSON" */,
				6E2BDAC52CA10B54001F896D /* XCRemoteSwiftPackageReference "Alamofire" */,
			);
			productRefGroup = 6E0B5A042C759CE400FF3541 /* Products */;
			projectDirPath = "";
			projectRoot = "";
			targets = (
				6E0B5A022C759CE400FF3541 /* TranslateRxApp */,
				6E0B5A122C759CE700FF3541 /* TranslateRxAppTests */,
				6E0B5A1C2C759CE700FF3541 /* TranslateRxAppUITests */,
			);
		};
/* End PBXProject section */

/* Begin PBXResourcesBuildPhase section */
		6E0B5A012C759CE400FF3541 /* Resources */ = {
			isa = PBXResourcesBuildPhase;
			buildActionMask = 2147483647;
			files = (
				6E0B5A0E2C759CE600FF3541 /* Preview Assets.xcassets in Resources */,
				6E0B5A0B2C759CE600FF3541 /* Assets.xcassets in Resources */,
			);
			runOnlyForDeploymentPostprocessing = 0;
		};
		6E0B5A112C759CE700FF3541 /* Resources */ = {
			isa = PBXResourcesBuildPhase;
			buildActionMask = 2147483647;
			files = (
			);
			runOnlyForDeploymentPostprocessing = 0;
		};
		6E0B5A1B2C759CE700FF3541 /* Resources */ = {
			isa = PBXResourcesBuildPhase;
			buildActionMask = 2147483647;
			files = (
			);
			runOnlyForDeploymentPostprocessing = 0;
		};
/* End PBXResourcesBuildPhase section */

/* Begin PBXSourcesBuildPhase section */
		6E0B59FF2C759CE400FF3541 /* Sources */ = {
			isa = PBXSourcesBuildPhase;
			buildActionMask = 2147483647;
			files = (
				6E0B5A092C759CE400FF3541 /* ContentView.swift in Sources */,
				6EFB3DF22C914B7800F61C79 /* SpeechView.swift in Sources */,
				6E0B5A072C759CE400FF3541 /* TranslateRxAppApp.swift in Sources */,
			);
			runOnlyForDeploymentPostprocessing = 0;
		};
		6E0B5A0F2C759CE700FF3541 /* Sources */ = {
			isa = PBXSourcesBuildPhase;
			buildActionMask = 2147483647;
			files = (
				6E0B5A182C759CE700FF3541 /* TranslateRxAppTests.swift in Sources */,
			);
			runOnlyForDeploymentPostprocessing = 0;
		};
		6E0B5A192C759CE700FF3541 /* Sources */ = {
			isa = PBXSourcesBuildPhase;
			buildActionMask = 2147483647;
			files = (
				6E0B5A222C759CE700FF3541 /* TranslateRxAppUITests.swift in Sources */,
				6E0B5A242C759CE700FF3541 /* TranslateRxAppUITestsLaunchTests.swift in Sources */,
			);
			runOnlyForDeploymentPostprocessing = 0;
		};
/* End PBXSourcesBuildPhase section */

/* Begin PBXTargetDependency section */
		6E0B5A152C759CE700FF3541 /* PBXTargetDependency */ = {
			isa = PBXTargetDependency;
			target = 6E0B5A022C759CE400FF3541 /* TranslateRxApp */;
			targetProxy = 6E0B5A142C759CE700FF3541 /* PBXContainerItemProxy */;
		};
		6E0B5A1F2C759CE700FF3541 /* PBXTargetDependency */ = {
			isa = PBXTargetDependency;
			target = 6E0B5A022C759CE400FF3541 /* TranslateRxApp */;
			targetProxy = 6E0B5A1E2C759CE700FF3541 /* PBXContainerItemProxy */;
		};
/* End PBXTargetDependency section */

/* Begin XCBuildConfiguration section */
		6E0B5A252C759CE700FF3541 /* Debug */ = {
			isa = XCBuildConfiguration;
			buildSettings = {
				ALWAYS_SEARCH_USER_PATHS = NO;
				ASSETCATALOG_COMPILER_GENERATE_SWIFT_ASSET_SYMBOL_EXTENSIONS = YES;
				CLANG_ANALYZER_NONNULL = YES;
				CLANG_ANALYZER_NUMBER_OBJECT_CONVERSION = YES_AGGRESSIVE;
				CLANG_CXX_LANGUAGE_STANDARD = "gnu++20";
				CLANG_ENABLE_MODULES = YES;
				CLANG_ENABLE_OBJC_ARC = YES;
				CLANG_ENABLE_OBJC_WEAK = YES;
				CLANG_WARN_BLOCK_CAPTURE_AUTORELEASING = YES;
				CLANG_WARN_BOOL_CONVERSION = YES;
				CLANG_WARN_COMMA = YES;
				CLANG_WARN_CONSTANT_CONVERSION = YES;
				CLANG_WARN_DEPRECATED_OBJC_IMPLEMENTATIONS = YES;
				CLANG_WARN_DIRECT_OBJC_ISA_USAGE = YES_ERROR;
				CLANG_WARN_DOCUMENTATION_COMMENTS = YES;
				CLANG_WARN_EMPTY_BODY = YES;
				CLANG_WARN_ENUM_CONVERSION = YES;
				CLANG_WARN_INFINITE_RECURSION = YES;
				CLANG_WARN_INT_CONVERSION = YES;
				CLANG_WARN_NON_LITERAL_NULL_CONVERSION = YES;
				CLANG_WARN_OBJC_IMPLICIT_RETAIN_SELF = YES;
				CLANG_WARN_OBJC_LITERAL_CONVERSION = YES;
				CLANG_WARN_OBJC_ROOT_CLASS = YES_ERROR;
				CLANG_WARN_QUOTED_INCLUDE_IN_FRAMEWORK_HEADER = YES;
				CLANG_WARN_RANGE_LOOP_ANALYSIS = YES;
				CLANG_WARN_STRICT_PROTOTYPES = YES;
				CLANG_WARN_SUSPICIOUS_MOVE = YES;
				CLANG_WARN_UNGUARDED_AVAILABILITY = YES_AGGRESSIVE;
				CLANG_WARN_UNREACHABLE_CODE = YES;
				CLANG_WARN__DUPLICATE_METHOD_MATCH = YES;
				COPY_PHASE_STRIP = NO;
				DEBUG_INFORMATION_FORMAT = dwarf;
				ENABLE_STRICT_OBJC_MSGSEND = YES;
				ENABLE_TESTABILITY = YES;
				ENABLE_USER_SCRIPT_SANDBOXING = YES;
				GCC_C_LANGUAGE_STANDARD = gnu17;
				GCC_DYNAMIC_NO_PIC = NO;
				GCC_NO_COMMON_BLOCKS = YES;
				GCC_OPTIMIZATION_LEVEL = 0;
				GCC_PREPROCESSOR_DEFINITIONS = (
					"DEBUG=1",
					"$(inherited)",
				);
				GCC_WARN_64_TO_32_BIT_CONVERSION = YES;
				GCC_WARN_ABOUT_RETURN_TYPE = YES_ERROR;
				GCC_WARN_UNDECLARED_SELECTOR = YES;
				GCC_WARN_UNINITIALIZED_AUTOS = YES_AGGRESSIVE;
				GCC_WARN_UNUSED_FUNCTION = YES;
				GCC_WARN_UNUSED_VARIABLE = YES;
				IPHONEOS_DEPLOYMENT_TARGET = 17.5;
				LOCALIZATION_PREFERS_STRING_CATALOGS = YES;
				MTL_ENABLE_DEBUG_INFO = INCLUDE_SOURCE;
				MTL_FAST_MATH = YES;
				ONLY_ACTIVE_ARCH = YES;
				SDKROOT = iphoneos;
				SWIFT_ACTIVE_COMPILATION_CONDITIONS = "DEBUG $(inherited)";
				SWIFT_OPTIMIZATION_LEVEL = "-Onone";
			};
			name = Debug;
		};
		6E0B5A262C759CE700FF3541 /* Release */ = {
			isa = XCBuildConfiguration;
			buildSettings = {
				ALWAYS_SEARCH_USER_PATHS = NO;
				ASSETCATALOG_COMPILER_GENERATE_SWIFT_ASSET_SYMBOL_EXTENSIONS = YES;
				CLANG_ANALYZER_NONNULL = YES;
				CLANG_ANALYZER_NUMBER_OBJECT_CONVERSION = YES_AGGRESSIVE;
				CLANG_CXX_LANGUAGE_STANDARD = "gnu++20";
				CLANG_ENABLE_MODULES = YES;
				CLANG_ENABLE_OBJC_ARC = YES;
				CLANG_ENABLE_OBJC_WEAK = YES;
				CLANG_WARN_BLOCK_CAPTURE_AUTORELEASING = YES;
				CLANG_WARN_BOOL_CONVERSION = YES;
				CLANG_WARN_COMMA = YES;
				CLANG_WARN_CONSTANT_CONVERSION = YES;
				CLANG_WARN_DEPRECATED_OBJC_IMPLEMENTATIONS = YES;
				CLANG_WARN_DIRECT_OBJC_ISA_USAGE = YES_ERROR;
				CLANG_WARN_DOCUMENTATION_COMMENTS = YES;
				CLANG_WARN_EMPTY_BODY = YES;
				CLANG_WARN_ENUM_CONVERSION = YES;
				CLANG_WARN_INFINITE_RECURSION = YES;
				CLANG_WARN_INT_CONVERSION = YES;
				CLANG_WARN_NON_LITERAL_NULL_CONVERSION = YES;
				CLANG_WARN_OBJC_IMPLICIT_RETAIN_SELF = YES;
				CLANG_WARN_OBJC_LITERAL_CONVERSION = YES;
				CLANG_WARN_OBJC_ROOT_CLASS = YES_ERROR;
				CLANG_WARN_QUOTED_INCLUDE_IN_FRAMEWORK_HEADER = YES;
				CLANG_WARN_RANGE_LOOP_ANALYSIS = YES;
				CLANG_WARN_STRICT_PROTOTYPES = YES;
				CLANG_WARN_SUSPICIOUS_MOVE = YES;
				CLANG_WARN_UNGUARDED_AVAILABILITY = YES_AGGRESSIVE;
				CLANG_WARN_UNREACHABLE_CODE = YES;
				CLANG_WARN__DUPLICATE_METHOD_MATCH = YES;
				COPY_PHASE_STRIP = NO;
				DEBUG_INFORMATION_FORMAT = "dwarf-with-dsym";
				ENABLE_NS_ASSERTIONS = NO;
				ENABLE_STRICT_OBJC_MSGSEND = YES;
				ENABLE_USER_SCRIPT_SANDBOXING = YES;
				GCC_C_LANGUAGE_STANDARD = gnu17;
				GCC_NO_COMMON_BLOCKS = YES;
				GCC_WARN_64_TO_32_BIT_CONVERSION = YES;
				GCC_WARN_ABOUT_RETURN_TYPE = YES_ERROR;
				GCC_WARN_UNDECLARED_SELECTOR = YES;
				GCC_WARN_UNINITIALIZED_AUTOS = YES_AGGRESSIVE;
				GCC_WARN_UNUSED_FUNCTION = YES;
				GCC_WARN_UNUSED_VARIABLE = YES;
				IPHONEOS_DEPLOYMENT_TARGET = 17.5;
				LOCALIZATION_PREFERS_STRING_CATALOGS = YES;
				MTL_ENABLE_DEBUG_INFO = NO;
				MTL_FAST_MATH = YES;
				SDKROOT = iphoneos;
				SWIFT_COMPILATION_MODE = wholemodule;
				VALIDATE_PRODUCT = YES;
			};
			name = Release;
		};
		6E0B5A282C759CE700FF3541 /* Debug */ = {
			isa = XCBuildConfiguration;
			buildSettings = {
				ASSETCATALOG_COMPILER_APPICON_NAME = AppIcon;
				ASSETCATALOG_COMPILER_GLOBAL_ACCENT_COLOR_NAME = AccentColor;
				CODE_SIGN_STYLE = Automatic;
				CURRENT_PROJECT_VERSION = 1;
				DEVELOPMENT_ASSET_PATHS = "\"TranslateRxApp/Preview Content\"";
				DEVELOPMENT_TEAM = 5G282CF498;
				ENABLE_PREVIEWS = YES;
				GENERATE_INFOPLIST_FILE = YES;
				INFOPLIST_KEY_NSMicrophoneUsageDescription = "This app requires access to the microphone to record audio.";
				INFOPLIST_KEY_UIApplicationSceneManifest_Generation = YES;
				INFOPLIST_KEY_UIApplicationSupportsIndirectInputEvents = YES;
				INFOPLIST_KEY_UILaunchScreen_Generation = YES;
				INFOPLIST_KEY_UISupportedInterfaceOrientations_iPad = "UIInterfaceOrientationPortrait UIInterfaceOrientationPortraitUpsideDown UIInterfaceOrientationLandscapeLeft UIInterfaceOrientationLandscapeRight";
				INFOPLIST_KEY_UISupportedInterfaceOrientations_iPhone = "UIInterfaceOrientationPortrait UIInterfaceOrientationLandscapeLeft UIInterfaceOrientationLandscapeRight";
				LD_RUNPATH_SEARCH_PATHS = (
					"$(inherited)",
					"@executable_path/Frameworks",
				);
				MARKETING_VERSION = 1.0;
				PRODUCT_BUNDLE_IDENTIFIER = ShailiBetesh.TranslateRxApp;
				PRODUCT_NAME = "$(TARGET_NAME)";
				SWIFT_EMIT_LOC_STRINGS = YES;
				SWIFT_VERSION = 5.0;
				TARGETED_DEVICE_FAMILY = "1,2";
			};
			name = Debug;
		};
		6E0B5A292C759CE700FF3541 /* Release */ = {
			isa = XCBuildConfiguration;
			buildSettings = {
				ASSETCATALOG_COMPILER_APPICON_NAME = AppIcon;
				ASSETCATALOG_COMPILER_GLOBAL_ACCENT_COLOR_NAME = AccentColor;
				CODE_SIGN_STYLE = Automatic;
				CURRENT_PROJECT_VERSION = 1;
				DEVELOPMENT_ASSET_PATHS = "\"TranslateRxApp/Preview Content\"";
				DEVELOPMENT_TEAM = 5G282CF498;
				ENABLE_PREVIEWS = YES;
				GENERATE_INFOPLIST_FILE = YES;
				INFOPLIST_KEY_NSMicrophoneUsageDescription = "This app requires access to the microphone to record audio.";
				INFOPLIST_KEY_UIApplicationSceneManifest_Generation = YES;
				INFOPLIST_KEY_UIApplicationSupportsIndirectInputEvents = YES;
				INFOPLIST_KEY_UILaunchScreen_Generation = YES;
				INFOPLIST_KEY_UISupportedInterfaceOrientations_iPad = "UIInterfaceOrientationPortrait UIInterfaceOrientationPortraitUpsideDown UIInterfaceOrientationLandscapeLeft UIInterfaceOrientationLandscapeRight";
				INFOPLIST_KEY_UISupportedInterfaceOrientations_iPhone = "UIInterfaceOrientationPortrait UIInterfaceOrientationLandscapeLeft UIInterfaceOrientationLandscapeRight";
				LD_RUNPATH_SEARCH_PATHS = (
					"$(inherited)",
					"@executable_path/Frameworks",
				);
				MARKETING_VERSION = 1.0;
				PRODUCT_BUNDLE_IDENTIFIER = ShailiBetesh.TranslateRxApp;
				PRODUCT_NAME = "$(TARGET_NAME)";
				SWIFT_EMIT_LOC_STRINGS = YES;
				SWIFT_VERSION = 5.0;
				TARGETED_DEVICE_FAMILY = "1,2";
			};
			name = Release;
		};
		6E0B5A2B2C759CE700FF3541 /* Debug */ = {
			isa = XCBuildConfiguration;
			buildSettings = {
				ALWAYS_EMBED_SWIFT_STANDARD_LIBRARIES = YES;
				BUNDLE_LOADER = "$(TEST_HOST)";
				CODE_SIGN_STYLE = Automatic;
				CURRENT_PROJECT_VERSION = 1;
				DEVELOPMENT_TEAM = 5G282CF498;
				GENERATE_INFOPLIST_FILE = YES;
				IPHONEOS_DEPLOYMENT_TARGET = 17.5;
				MARKETING_VERSION = 1.0;
				PRODUCT_BUNDLE_IDENTIFIER = ShailiBetesh.TranslateRxAppTests;
				PRODUCT_NAME = "$(TARGET_NAME)";
				SWIFT_EMIT_LOC_STRINGS = NO;
				SWIFT_VERSION = 5.0;
				TARGETED_DEVICE_FAMILY = "1,2";
				TEST_HOST = "$(BUILT_PRODUCTS_DIR)/TranslateRxApp.app/$(BUNDLE_EXECUTABLE_FOLDER_PATH)/TranslateRxApp";
			};
			name = Debug;
		};
		6E0B5A2C2C759CE700FF3541 /* Release */ = {
			isa = XCBuildConfiguration;
			buildSettings = {
				ALWAYS_EMBED_SWIFT_STANDARD_LIBRARIES = YES;
				BUNDLE_LOADER = "$(TEST_HOST)";
				CODE_SIGN_STYLE = Automatic;
				CURRENT_PROJECT_VERSION = 1;
				DEVELOPMENT_TEAM = 5G282CF498;
				GENERATE_INFOPLIST_FILE = YES;
				IPHONEOS_DEPLOYMENT_TARGET = 17.5;
				MARKETING_VERSION = 1.0;
				PRODUCT_BUNDLE_IDENTIFIER = ShailiBetesh.TranslateRxAppTests;
				PRODUCT_NAME = "$(TARGET_NAME)";
				SWIFT_EMIT_LOC_STRINGS = NO;
				SWIFT_VERSION = 5.0;
				TARGETED_DEVICE_FAMILY = "1,2";
				TEST_HOST = "$(BUILT_PRODUCTS_DIR)/TranslateRxApp.app/$(BUNDLE_EXECUTABLE_FOLDER_PATH)/TranslateRxApp";
			};
			name = Release;
		};
		6E0B5A2E2C759CE700FF3541 /* Debug */ = {
			isa = XCBuildConfiguration;
			buildSettings = {
				ALWAYS_EMBED_SWIFT_STANDARD_LIBRARIES = YES;
				CODE_SIGN_STYLE = Automatic;
				CURRENT_PROJECT_VERSION = 1;
				DEVELOPMENT_TEAM = 5G282CF498;
				GENERATE_INFOPLIST_FILE = YES;
				MARKETING_VERSION = 1.0;
				PRODUCT_BUNDLE_IDENTIFIER = ShailiBetesh.TranslateRxAppUITests;
				PRODUCT_NAME = "$(TARGET_NAME)";
				SWIFT_EMIT_LOC_STRINGS = NO;
				SWIFT_VERSION = 5.0;
				TARGETED_DEVICE_FAMILY = "1,2";
				TEST_TARGET_NAME = TranslateRxApp;
			};
			name = Debug;
		};
		6E0B5A2F2C759CE700FF3541 /* Release */ = {
			isa = XCBuildConfiguration;
			buildSettings = {
				ALWAYS_EMBED_SWIFT_STANDARD_LIBRARIES = YES;
				CODE_SIGN_STYLE = Automatic;
				CURRENT_PROJECT_VERSION = 1;
				DEVELOPMENT_TEAM = 5G282CF498;
				GENERATE_INFOPLIST_FILE = YES;
				MARKETING_VERSION = 1.0;
				PRODUCT_BUNDLE_IDENTIFIER = ShailiBetesh.TranslateRxAppUITests;
				PRODUCT_NAME = "$(TARGET_NAME)";
				SWIFT_EMIT_LOC_STRINGS = NO;
				SWIFT_VERSION = 5.0;
				TARGETED_DEVICE_FAMILY = "1,2";
				TEST_TARGET_NAME = TranslateRxApp;
			};
			name = Release;
		};
/* End XCBuildConfiguration section */

/* Begin XCConfigurationList section */
		6E0B59FE2C759CE400FF3541 /* Build configuration list for PBXProject "TranslateRxApp" */ = {
			isa = XCConfigurationList;
			buildConfigurations = (
				6E0B5A252C759CE700FF3541 /* Debug */,
				6E0B5A262C759CE700FF3541 /* Release */,
			);
			defaultConfigurationIsVisible = 0;
			defaultConfigurationName = Release;
		};
		6E0B5A272C759CE700FF3541 /* Build configuration list for PBXNativeTarget "TranslateRxApp" */ = {
			isa = XCConfigurationList;
			buildConfigurations = (
				6E0B5A282C759CE700FF3541 /* Debug */,
				6E0B5A292C759CE700FF3541 /* Release */,
			);
			defaultConfigurationIsVisible = 0;
			defaultConfigurationName = Release;
		};
		6E0B5A2A2C759CE700FF3541 /* Build configuration list for PBXNativeTarget "TranslateRxAppTests" */ = {
			isa = XCConfigurationList;
			buildConfigurations = (
				6E0B5A2B2C759CE700FF3541 /* Debug */,
				6E0B5A2C2C759CE700FF3541 /* Release */,
			);
			defaultConfigurationIsVisible = 0;
			defaultConfigurationName = Release;
		};
		6E0B5A2D2C759CE700FF3541 /* Build configuration list for PBXNativeTarget "TranslateRxAppUITests" */ = {
			isa = XCConfigurationList;
			buildConfigurations = (
				6E0B5A2E2C759CE700FF3541 /* Debug */,
				6E0B5A2F2C759CE700FF3541 /* Release */,
			);
			defaultConfigurationIsVisible = 0;
			defaultConfigurationName = Release;
		};
/* End XCConfigurationList section */

/* Begin XCRemoteSwiftPackageReference section */
		6E2BDAC22CA10B27001F896D /* XCRemoteSwiftPackageReference "SwiftyJSON" */ = {
			isa = XCRemoteSwiftPackageReference;
			repositoryURL = "https://github.com/SwiftyJSON/SwiftyJSON";
			requirement = {
				kind = upToNextMajorVersion;
				minimumVersion = 5.0.2;
			};
		};
		6E2BDAC52CA10B54001F896D /* XCRemoteSwiftPackageReference "Alamofire" */ = {
			isa = XCRemoteSwiftPackageReference;
			repositoryURL = "https://github.com/Alamofire/Alamofire";
			requirement = {
				kind = upToNextMajorVersion;
				minimumVersion = 5.9.1;
			};
		};
/* End XCRemoteSwiftPackageReference section */

/* Begin XCSwiftPackageProductDependency section */
		6E2BDAC32CA10B27001F896D /* SwiftyJSON */ = {
			isa = XCSwiftPackageProductDependency;
			package = 6E2BDAC22CA10B27001F896D /* XCRemoteSwiftPackageReference "SwiftyJSON" */;
			productName = SwiftyJSON;
		};
		6E2BDAC62CA10B54001F896D /* Alamofire */ = {
			isa = XCSwiftPackageProductDependency;
			package = 6E2BDAC52CA10B54001F896D /* XCRemoteSwiftPackageReference "Alamofire" */;
			productName = Alamofire;
		};
/* End XCSwiftPackageProductDependency section */
	};
	rootObject = 6E0B59FB2C759CE400FF3541 /* Project object */;
}
